
Microsoft Visual Studio Solution File, Format Version 12.00
# Visual Studio Version 17
VisualStudioVersion = 17.0.31815.197
MinimumVisualStudioVersion = 10.0.40219.1
Project("{9A19103F-16F7-4668-BE54-9A1E7A4F7556}") = "DapperDemo", "DapperDemo\DapperDemo.csproj", "{2420123D-D25C-47A1-B148-8FF91B6C4635}"
EndProject
Global
	GlobalSection(SolutionConfigurationPlatforms) = preSolution
		Debug|Any CPU = Debug|Any CPU
		Release|Any CPU = Release|Any CPU
	EndGlobalSection
	GlobalSection(ProjectConfigurationPlatforms) = postSolution
		{2420123D-D25C-47A1-B148-8FF91B6C4635}.Debug|Any CPU.ActiveCfg = Debug|Any CPU
		{2420123D-D25C-47A1-B148-8FF91B6C4635}.Debug|Any CPU.Build.0 = Debug|Any CPU
		{2420123D-D25C-47A1-B148-8FF91B6C4635}.Release|Any CPU.ActiveCfg = Release|Any CPU
		{2420123D-D25C-47A1-B148-8FF91B6C4635}.Release|Any CPU.Build.0 = Release|Any CPU
	EndGlobalSection
	GlobalSection(SolutionProperties) = preSolution
		HideSolutionNode = FALSE
	EndGlobalSection
	GlobalSection(ExtensibilityGlobals) = postSolution
		SolutionGuid = {FF213BEB-FDB2-43CD-9F37-498F9083AFCB}
	EndGlobalSection
EndGlobal
